// !$*UTF8*$!
{
	archiveVersion = 1;
	classes = {
	};
	objectVersion = 56;
	objects = {

/* Begin PBXBuildFile section */
		B22409DF2B8888E200C94515 /* AppleFrameworksApp.swift in Sources */ = {isa = PBXBuildFile; fileRef = B22409DE2B8888E200C94515 /* AppleFrameworksApp.swift */; };
		B22409E32B8888E500C94515 /* Assets.xcassets in Resources */ = {isa = PBXBuildFile; fileRef = B22409E22B8888E500C94515 /* Assets.xcassets */; };
		B22409E62B8888E500C94515 /* Preview Assets.xcassets in Resources */ = {isa = PBXBuildFile; fileRef = B22409E52B8888E500C94515 /* Preview Assets.xcassets */; };
		B22409EE2B88896600C94515 /* Framework.swift in Sources */ = {isa = PBXBuildFile; fileRef = B22409ED2B88896600C94515 /* Framework.swift */; };
		B22409F02B888B6800C94515 /* FrameworkGridView.swift in Sources */ = {isa = PBXBuildFile; fileRef = B22409EF2B888B6800C94515 /* FrameworkGridView.swift */; };
		B22409F22B88939700C94515 /* FrameworkDetailView.swift in Sources */ = {isa = PBXBuildFile; fileRef = B22409F12B88939700C94515 /* FrameworkDetailView.swift */; };
		B22409F52B88978800C94515 /* AFButton.swift in Sources */ = {isa = PBXBuildFile; fileRef = B22409F42B88978800C94515 /* AFButton.swift */; };
		B22409F82B889A8900C94515 /* FrameworkGridViewModel.swift in Sources */ = {isa = PBXBuildFile; fileRef = B22409F72B889A8900C94515 /* FrameworkGridViewModel.swift */; };
		B22409FB2B889ECF00C94515 /* SafariView.swift in Sources */ = {isa = PBXBuildFile; fileRef = B22409FA2B889ECF00C94515 /* SafariView.swift */; };
		B22409FD2B88A29B00C94515 /* FrameworkTitleView.swift in Sources */ = {isa = PBXBuildFile; fileRef = B22409FC2B88A29B00C94515 /* FrameworkTitleView.swift */; };
		B22409FF2B88A36C00C94515 /* XDismissButton.swift in Sources */ = {isa = PBXBuildFile; fileRef = B22409FE2B88A36C00C94515 /* XDismissButton.swift */; };
/* End PBXBuildFile section */

/* Begin PBXFileReference section */
		B22409DB2B8888E200C94515 /* AppleFrameworks.app */ = {isa = PBXFileReference; explicitFileType = wrapper.application; includeInIndex = 0; path = AppleFrameworks.app; sourceTree = BUILT_PRODUCTS_DIR; };
		B22409DE2B8888E200C94515 /* AppleFrameworksApp.swift */ = {isa = PBXFileReference; lastKnownFileType = sourcecode.swift; path = AppleFrameworksApp.swift; sourceTree = "<group>"; };
		B22409E22B8888E500C94515 /* Assets.xcassets */ = {isa = PBXFileReference; lastKnownFileType = folder.assetcatalog; path = Assets.xcassets; sourceTree = "<group>"; };
		B22409E52B8888E500C94515 /* Preview Assets.xcassets */ = {isa = PBXFileReference; lastKnownFileType = folder.assetcatalog; path = "Preview Assets.xcassets"; sourceTree = "<group>"; };
		B22409ED2B88896600C94515 /* Framework.swift */ = {isa = PBXFileReference; lastKnownFileType = sourcecode.swift; path = Framework.swift; sourceTree = "<group>"; };
		B22409EF2B888B6800C94515 /* FrameworkGridView.swift */ = {isa = PBXFileReference; lastKnownFileType = sourcecode.swift; path = FrameworkGridView.swift; sourceTree = "<group>"; };
		B22409F12B88939700C94515 /* FrameworkDetailView.swift */ = {isa = PBXFileReference; lastKnownFileType = sourcecode.swift; path = FrameworkDetailView.swift; sourceTree = "<group>"; };
		B22409F42B88978800C94515 /* AFButton.swift */ = {isa = PBXFileReference; lastKnownFileType = sourcecode.swift; path = AFButton.swift; sourceTree = "<group>"; };
		B22409F72B889A8900C94515 /* FrameworkGridViewModel.swift */ = {isa = PBXFileReference; lastKnownFileType = sourcecode.swift; path = FrameworkGridViewModel.swift; sourceTree = "<group>"; };
		B22409FA2B889ECF00C94515 /* SafariView.swift */ = {isa = PBXFileReference; lastKnownFileType = sourcecode.swift; path = SafariView.swift; sourceTree = "<group>"; };
		B22409FC2B88A29B00C94515 /* FrameworkTitleView.swift */ = {isa = PBXFileReference; lastKnownFileType = sourcecode.swift; path = FrameworkTitleView.swift; sourceTree = "<group>"; };
		B22409FE2B88A36C00C94515 /* XDismissButton.swift */ = {isa = PBXFileReference; lastKnownFileType = sourcecode.swift; path = XDismissButton.swift; sourceTree = "<group>"; };
/* End PBXFileReference section */

/* Begin PBXFrameworksBuildPhase section */
		B22409D82B8888E200C94515 /* Frameworks */ = {
			isa = PBXFrameworksBuildPhase;
			buildActionMask = 2147483647;
			files = (
			);
			runOnlyForDeploymentPostprocessing = 0;
		};
/* End PBXFrameworksBuildPhase section */

/* Begin PBXGroup section */
		B22409D22B8888E200C94515 = {
			isa = PBXGroup;
			children = (
				B22409DD2B8888E200C94515 /* AppleFrameworks */,
				B22409DC2B8888E200C94515 /* Products */,
			);
			sourceTree = "<group>";
		};
		B22409DC2B8888E200C94515 /* Products */ = {
			isa = PBXGroup;
			children = (
				B22409DB2B8888E200C94515 /* AppleFrameworks.app */,
			);
			name = Products;
			sourceTree = "<group>";
		};
		B22409DD2B8888E200C94515 /* AppleFrameworks */ = {
			isa = PBXGroup;
			children = (
				B2240A042B88A51200C94515 /* UIKit Components */,
				B22409EC2B88895700C94515 /* Model */,
				B2240A002B88A46E00C94515 /* Screens */,
				B22409F32B88977600C94515 /* Views */,
				B22409DE2B8888E200C94515 /* AppleFrameworksApp.swift */,
				B22409E22B8888E500C94515 /* Assets.xcassets */,
				B22409E42B8888E500C94515 /* Preview Content */,
			);
			path = AppleFrameworks;
			sourceTree = "<group>";
		};
		B22409E42B8888E500C94515 /* Preview Content */ = {
			isa = PBXGroup;
			children = (
				B22409E52B8888E500C94515 /* Preview Assets.xcassets */,
			);
			path = "Preview Content";
			sourceTree = "<group>";
		};
		B22409EC2B88895700C94515 /* Model */ = {
			isa = PBXGroup;
			children = (
				B22409ED2B88896600C94515 /* Framework.swift */,
			);
			path = Model;
			sourceTree = "<group>";
		};
		B22409F32B88977600C94515 /* Views */ = {
			isa = PBXGroup;
			children = (
				B2240A032B88A50400C94515 /* View */,
				B2240A052B88A53100C94515 /* Button */,
			);
			path = Views;
			sourceTree = "<group>";
		};
		B2240A002B88A46E00C94515 /* Screens */ = {
			isa = PBXGroup;
			children = (
				B2240A012B88A47B00C94515 /* FrameworkGridView */,
				B2240A022B88A49F00C94515 /* FrameworkDetailView */,
			);
			path = Screens;
			sourceTree = "<group>";
		};
		B2240A012B88A47B00C94515 /* FrameworkGridView */ = {
			isa = PBXGroup;
			children = (
				B22409F72B889A8900C94515 /* FrameworkGridViewModel.swift */,
				B22409EF2B888B6800C94515 /* FrameworkGridView.swift */,
			);
			path = FrameworkGridView;
			sourceTree = "<group>";
		};
		B2240A022B88A49F00C94515 /* FrameworkDetailView */ = {
			isa = PBXGroup;
			children = (
				B22409F12B88939700C94515 /* FrameworkDetailView.swift */,
			);
			path = FrameworkDetailView;
			sourceTree = "<group>";
		};
		B2240A032B88A50400C94515 /* View */ = {
			isa = PBXGroup;
			children = (
				B22409FC2B88A29B00C94515 /* FrameworkTitleView.swift */,
			);
			path = View;
			sourceTree = "<group>";
		};
		B2240A042B88A51200C94515 /* UIKit Components */ = {
			isa = PBXGroup;
			children = (
				B22409FA2B889ECF00C94515 /* SafariView.swift */,
			);
			path = "UIKit Components";
			sourceTree = "<group>";
		};
		B2240A052B88A53100C94515 /* Button */ = {
			isa = PBXGroup;
			children = (
				B22409F42B88978800C94515 /* AFButton.swift */,
				B22409FE2B88A36C00C94515 /* XDismissButton.swift */,
			);
			path = Button;
			sourceTree = "<group>";
		};
/* End PBXGroup section */

/* Begin PBXNativeTarget section */
		B22409DA2B8888E200C94515 /* AppleFrameworks */ = {
			isa = PBXNativeTarget;
			buildConfigurationList = B22409E92B8888E500C94515 /* Build configuration list for PBXNativeTarget "AppleFrameworks" */;
			buildPhases = (
				B22409D72B8888E200C94515 /* Sources */,
				B22409D82B8888E200C94515 /* Frameworks */,
				B22409D92B8888E200C94515 /* Resources */,
			);
			buildRules = (
			);
			dependencies = (
			);
			name = AppleFrameworks;
			productName = AppleFrameworks;
			productReference = B22409DB2B8888E200C94515 /* AppleFrameworks.app */;
			productType = "com.apple.product-type.application";
		};
/* End PBXNativeTarget section */

/* Begin PBXProject section */
		B22409D32B8888E200C94515 /* Project object */ = {
			isa = PBXProject;
			attributes = {
				BuildIndependentTargetsInParallel = 1;
				LastSwiftUpdateCheck = 1520;
				LastUpgradeCheck = 1520;
				TargetAttributes = {
					B22409DA2B8888E200C94515 = {
						CreatedOnToolsVersion = 15.2;
					};
				};
			};
			buildConfigurationList = B22409D62B8888E200C94515 /* Build configuration list for PBXProject "AppleFrameworks" */;
			compatibilityVersion = "Xcode 14.0";
			developmentRegion = en;
			hasScannedForEncodings = 0;
			knownRegions = (
				en,
				Base,
			);
			mainGroup = B22409D22B8888E200C94515;
			productRefGroup = B22409DC2B8888E200C94515 /* Products */;
			projectDirPath = "";
			projectRoot = "";
			targets = (
				B22409DA2B8888E200C94515 /* AppleFrameworks */,
			);
		};
/* End PBXProject section */

/* Begin PBXResourcesBuildPhase section */
		B22409D92B8888E200C94515 /* Resources */ = {
			isa = PBXResourcesBuildPhase;
			buildActionMask = 2147483647;
			files = (
				B22409E62B8888E500C94515 /* Preview Assets.xcassets in Resources */,
				B22409E32B8888E500C94515 /* Assets.xcassets in Resources */,
			);
			runOnlyForDeploymentPostprocessing = 0;
		};
/* End PBXResourcesBuildPhase section */

/* Begin PBXSourcesBuildPhase section */
		B22409D72B8888E200C94515 /* Sources */ = {
			isa = PBXSourcesBuildPhase;
			buildActionMask = 2147483647;
			files = (
				B22409F02B888B6800C94515 /* FrameworkGridView.swift in Sources */,
				B22409F22B88939700C94515 /* FrameworkDetailView.swift in Sources */,
				B22409FF2B88A36C00C94515 /* XDismissButton.swift in Sources */,
				B22409EE2B88896600C94515 /* Framework.swift in Sources */,
				B22409F52B88978800C94515 /* AFButton.swift in Sources */,
				B22409DF2B8888E200C94515 /* AppleFrameworksApp.swift in Sources */,
				B22409F82B889A8900C94515 /* FrameworkGridViewModel.swift in Sources */,
				B22409FD2B88A29B00C94515 /* FrameworkTitleView.swift in Sources */,
				B22409FB2B889ECF00C94515 /* SafariView.swift in Sources */,
			);
			runOnlyForDeploymentPostprocessing = 0;
		};
/* End PBXSourcesBuildPhase section */

/* Begin XCBuildConfiguration section */
		B22409E72B8888E500C94515 /* Debug */ = {
			isa = XCBuildConfiguration;
			buildSettings = {
				ALWAYS_SEARCH_USER_PATHS = NO;
				ASSETCATALOG_COMPILER_GENERATE_SWIFT_ASSET_SYMBOL_EXTENSIONS = YES;
				CLANG_ANALYZER_NONNULL = YES;
				CLANG_ANALYZER_NUMBER_OBJECT_CONVERSION = YES_AGGRESSIVE;
				CLANG_CXX_LANGUAGE_STANDARD = "gnu++20";
				CLANG_ENABLE_MODULES = YES;
				CLANG_ENABLE_OBJC_ARC = YES;
				CLANG_ENABLE_OBJC_WEAK = YES;
				CLANG_WARN_BLOCK_CAPTURE_AUTORELEASING = YES;
				CLANG_WARN_BOOL_CONVERSION = YES;
				CLANG_WARN_COMMA = YES;
				CLANG_WARN_CONSTANT_CONVERSION = YES;
				CLANG_WARN_DEPRECATED_OBJC_IMPLEMENTATIONS = YES;
				CLANG_WARN_DIRECT_OBJC_ISA_USAGE = YES_ERROR;
				CLANG_WARN_DOCUMENTATION_COMMENTS = YES;
				CLANG_WARN_EMPTY_BODY = YES;
				CLANG_WARN_ENUM_CONVERSION = YES;
				CLANG_WARN_INFINITE_RECURSION = YES;
				CLANG_WARN_INT_CONVERSION = YES;
				CLANG_WARN_NON_LITERAL_NULL_CONVERSION = YES;
				CLANG_WARN_OBJC_IMPLICIT_RETAIN_SELF = YES;
				CLANG_WARN_OBJC_LITERAL_CONVERSION = YES;
				CLANG_WARN_OBJC_ROOT_CLASS = YES_ERROR;
				CLANG_WARN_QUOTED_INCLUDE_IN_FRAMEWORK_HEADER = YES;
				CLANG_WARN_RANGE_LOOP_ANALYSIS = YES;
				CLANG_WARN_STRICT_PROTOTYPES = YES;
				CLANG_WARN_SUSPICIOUS_MOVE = YES;
				CLANG_WARN_UNGUARDED_AVAILABILITY = YES_AGGRESSIVE;
				CLANG_WARN_UNREACHABLE_CODE = YES;
				CLANG_WARN__DUPLICATE_METHOD_MATCH = YES;
				COPY_PHASE_STRIP = NO;
				DEBUG_INFORMATION_FORMAT = dwarf;
				ENABLE_STRICT_OBJC_MSGSEND = YES;
				ENABLE_TESTABILITY = YES;
				ENABLE_USER_SCRIPT_SANDBOXING = YES;
				GCC_C_LANGUAGE_STANDARD = gnu17;
				GCC_DYNAMIC_NO_PIC = NO;
				GCC_NO_COMMON_BLOCKS = YES;
				GCC_OPTIMIZATION_LEVEL = 0;
				GCC_PREPROCESSOR_DEFINITIONS = (
					"DEBUG=1",
					"$(inherited)",
				);
				GCC_WARN_64_TO_32_BIT_CONVERSION = YES;
				GCC_WARN_ABOUT_RETURN_TYPE = YES_ERROR;
				GCC_WARN_UNDECLARED_SELECTOR = YES;
				GCC_WARN_UNINITIALIZED_AUTOS = YES_AGGRESSIVE;
				GCC_WARN_UNUSED_FUNCTION = YES;
				GCC_WARN_UNUSED_VARIABLE = YES;
				IPHONEOS_DEPLOYMENT_TARGET = 17.2;
				LOCALIZATION_PREFERS_STRING_CATALOGS = YES;
				MTL_ENABLE_DEBUG_INFO = INCLUDE_SOURCE;
				MTL_FAST_MATH = YES;
				ONLY_ACTIVE_ARCH = YES;
				SDKROOT = iphoneos;
				SWIFT_ACTIVE_COMPILATION_CONDITIONS = "DEBUG $(inherited)";
				SWIFT_OPTIMIZATION_LEVEL = "-Onone";
			};
			name = Debug;
		};
		B22409E82B8888E500C94515 /* Release */ = {
			isa = XCBuildConfiguration;
			buildSettings = {
				ALWAYS_SEARCH_USER_PATHS = NO;
				ASSETCATALOG_COMPILER_GENERATE_SWIFT_ASSET_SYMBOL_EXTENSIONS = YES;
				CLANG_ANALYZER_NONNULL = YES;
				CLANG_ANALYZER_NUMBER_OBJECT_CONVERSION = YES_AGGRESSIVE;
				CLANG_CXX_LANGUAGE_STANDARD = "gnu++20";
				CLANG_ENABLE_MODULES = YES;
				CLANG_ENABLE_OBJC_ARC = YES;
				CLANG_ENABLE_OBJC_WEAK = YES;
				CLANG_WARN_BLOCK_CAPTURE_AUTORELEASING = YES;
				CLANG_WARN_BOOL_CONVERSION = YES;
				CLANG_WARN_COMMA = YES;
				CLANG_WARN_CONSTANT_CONVERSION = YES;
				CLANG_WARN_DEPRECATED_OBJC_IMPLEMENTATIONS = YES;
				CLANG_WARN_DIRECT_OBJC_ISA_USAGE = YES_ERROR;
				CLANG_WARN_DOCUMENTATION_COMMENTS = YES;
				CLANG_WARN_EMPTY_BODY = YES;
				CLANG_WARN_ENUM_CONVERSION = YES;
				CLANG_WARN_INFINITE_RECURSION = YES;
				CLANG_WARN_INT_CONVERSION = YES;
				CLANG_WARN_NON_LITERAL_NULL_CONVERSION = YES;
				CLANG_WARN_OBJC_IMPLICIT_RETAIN_SELF = YES;
				CLANG_WARN_OBJC_LITERAL_CONVERSION = YES;
				CLANG_WARN_OBJC_ROOT_CLASS = YES_ERROR;
				CLANG_WARN_QUOTED_INCLUDE_IN_FRAMEWORK_HEADER = YES;
				CLANG_WARN_RANGE_LOOP_ANALYSIS = YES;
				CLANG_WARN_STRICT_PROTOTYPES = YES;
				CLANG_WARN_SUSPICIOUS_MOVE = YES;
				CLANG_WARN_UNGUARDED_AVAILABILITY = YES_AGGRESSIVE;
				CLANG_WARN_UNREACHABLE_CODE = YES;
				CLANG_WARN__DUPLICATE_METHOD_MATCH = YES;
				COPY_PHASE_STRIP = NO;
				DEBUG_INFORMATION_FORMAT = "dwarf-with-dsym";
				ENABLE_NS_ASSERTIONS = NO;
				ENABLE_STRICT_OBJC_MSGSEND = YES;
				ENABLE_USER_SCRIPT_SANDBOXING = YES;
				GCC_C_LANGUAGE_STANDARD = gnu17;
				GCC_NO_COMMON_BLOCKS = YES;
				GCC_WARN_64_TO_32_BIT_CONVERSION = YES;
				GCC_WARN_ABOUT_RETURN_TYPE = YES_ERROR;
				GCC_WARN_UNDECLARED_SELECTOR = YES;
				GCC_WARN_UNINITIALIZED_AUTOS = YES_AGGRESSIVE;
				GCC_WARN_UNUSED_FUNCTION = YES;
				GCC_WARN_UNUSED_VARIABLE = YES;
				IPHONEOS_DEPLOYMENT_TARGET = 17.2;
				LOCALIZATION_PREFERS_STRING_CATALOGS = YES;
				MTL_ENABLE_DEBUG_INFO = NO;
				MTL_FAST_MATH = YES;
				SDKROOT = iphoneos;
				SWIFT_COMPILATION_MODE = wholemodule;
				VALIDATE_PRODUCT = YES;
			};
			name = Release;
		};
		B22409EA2B8888E500C94515 /* Debug */ = {
			isa = XCBuildConfiguration;
			buildSettings = {
				ASSETCATALOG_COMPILER_APPICON_NAME = AppIcon;
				ASSETCATALOG_COMPILER_GLOBAL_ACCENT_COLOR_NAME = AccentColor;
				CODE_SIGN_STYLE = Automatic;
				CURRENT_PROJECT_VERSION = 1;
				DEVELOPMENT_ASSET_PATHS = "\"AppleFrameworks/Preview Content\"";
				DEVELOPMENT_TEAM = C2U69GDD7A;
				ENABLE_PREVIEWS = YES;
				GENERATE_INFOPLIST_FILE = YES;
				INFOPLIST_KEY_UIApplicationSceneManifest_Generation = YES;
				INFOPLIST_KEY_UIApplicationSupportsIndirectInputEvents = YES;
				INFOPLIST_KEY_UILaunchScreen_Generation = YES;
				INFOPLIST_KEY_UISupportedInterfaceOrientations_iPad = "UIInterfaceOrientationPortrait UIInterfaceOrientationPortraitUpsideDown UIInterfaceOrientationLandscapeLeft UIInterfaceOrientationLandscapeRight";
				INFOPLIST_KEY_UISupportedInterfaceOrientations_iPhone = "UIInterfaceOrientationPortrait UIInterfaceOrientationLandscapeLeft UIInterfaceOrientationLandscapeRight";
				LD_RUNPATH_SEARCH_PATHS = (
					"$(inherited)",
					"@executable_path/Frameworks",
				);
				MARKETING_VERSION = 1.0;
				PRODUCT_BUNDLE_IDENTIFIER = com.firelord.AppleFrameworks;
				PRODUCT_NAME = "$(TARGET_NAME)";
				SWIFT_EMIT_LOC_STRINGS = YES;
				SWIFT_VERSION = 5.0;
				TARGETED_DEVICE_FAMILY = "1,2";
			};
			name = Debug;
		};
		B22409EB2B8888E500C94515 /* Release */ = {
			isa = XCBuildConfiguration;
			buildSettings = {
				ASSETCATALOG_COMPILER_APPICON_NAME = AppIcon;
				ASSETCATALOG_COMPILER_GLOBAL_ACCENT_COLOR_NAME = AccentColor;
				CODE_SIGN_STYLE = Automatic;
				CURRENT_PROJECT_VERSION = 1;
				DEVELOPMENT_ASSET_PATHS = "\"AppleFrameworks/Preview Content\"";
				DEVELOPMENT_TEAM = C2U69GDD7A;
				ENABLE_PREVIEWS = YES;
				GENERATE_INFOPLIST_FILE = YES;
				INFOPLIST_KEY_UIApplicationSceneManifest_Generation = YES;
				INFOPLIST_KEY_UIApplicationSupportsIndirectInputEvents = YES;
				INFOPLIST_KEY_UILaunchScreen_Generation = YES;
				INFOPLIST_KEY_UISupportedInterfaceOrientations_iPad = "UIInterfaceOrientationPortrait UIInterfaceOrientationPortraitUpsideDown UIInterfaceOrientationLandscapeLeft UIInterfaceOrientationLandscapeRight";
				INFOPLIST_KEY_UISupportedInterfaceOrientations_iPhone = "UIInterfaceOrientationPortrait UIInterfaceOrientationLandscapeLeft UIInterfaceOrientationLandscapeRight";
				LD_RUNPATH_SEARCH_PATHS = (
					"$(inherited)",
					"@executable_path/Frameworks",
				);
				MARKETING_VERSION = 1.0;
				PRODUCT_BUNDLE_IDENTIFIER = com.firelord.AppleFrameworks;
				PRODUCT_NAME = "$(TARGET_NAME)";
				SWIFT_EMIT_LOC_STRINGS = YES;
				SWIFT_VERSION = 5.0;
				TARGETED_DEVICE_FAMILY = "1,2";
			};
			name = Release;
		};
/* End XCBuildConfiguration section */

/* Begin XCConfigurationList section */
		B22409D62B8888E200C94515 /* Build configuration list for PBXProject "AppleFrameworks" */ = {
			isa = XCConfigurationList;
			buildConfigurations = (
				B22409E72B8888E500C94515 /* Debug */,
				B22409E82B8888E500C94515 /* Release */,
			);
			defaultConfigurationIsVisible = 0;
			defaultConfigurationName = Release;
		};
		B22409E92B8888E500C94515 /* Build configuration list for PBXNativeTarget "AppleFrameworks" */ = {
			isa = XCConfigurationList;
			buildConfigurations = (
				B22409EA2B8888E500C94515 /* Debug */,
				B22409EB2B8888E500C94515 /* Release */,
			);
			defaultConfigurationIsVisible = 0;
			defaultConfigurationName = Release;
		};
/* End XCConfigurationList section */
	};
	rootObject = B22409D32B8888E200C94515 /* Project object */;
}
